schema: '2.0'
stages:
  prepare:
    cmd: echo "Verificando que los datos existen..."
    deps:
    - path: data/iris_dataset.csv
      hash: md5
      md5: 4d301abed5efe50eccda350cde38e0eb
      size: 2777
  train:
    cmd: python train.py --n_estimators 200
    deps:
    - path: data/iris_dataset.csv
      hash: md5
      md5: 4d301abed5efe50eccda350cde38e0eb
      size: 2777
    - path: requirements.txt
      hash: md5
      md5: b3c1dddce2b0e70f02dd0e097b2a4cd7
      size: 92
    - path: train.py
      hash: md5
      md5: 218d46696e4230e2ca059be33190c255
      size: 2920
    params:
      params.yaml:
        train.n_estimators: 200
    outs:
    - path: confusion_matrix.png
      hash: md5
      md5: ba0e9ae7fccf719aef6eca85eb6d35fa
      size: 20691
      isexec: true
    - path: mlflow_metrics.json
      hash: md5
      md5: 9a0379eaa11dd7b9e9995a62a5f21656
      size: 17
      isexec: true
    - path: model.pkl
      hash: md5
      md5: af1d6291cd6fe8ed35596653dfb99950
      size: 370049
      isexec: true
